
Microsoft Visual Studio Solution File, Format Version 12.00
# Visual Studio Version 16
VisualStudioVersion = 16.0.29709.97
MinimumVisualStudioVersion = 10.0.40219.1
Project("{FAE04EC0-301F-11D3-BF4B-00C04F79EFBC}") = "Assign01-CSVIO", "Assign 01-CSVIO\Assign01-CSVIO.csproj", "{8FDEDE40-DE4C-4C0A-9810-78418E916575}"
EndProject
Global
	GlobalSection(SolutionConfigurationPlatforms) = preSolution
		Debug|Any CPU = Debug|Any CPU
		Debug|x86 = Debug|x86
		Release|Any CPU = Release|Any CPU
		Release|x86 = Release|x86
	EndGlobalSection
	GlobalSection(ProjectConfigurationPlatforms) = postSolution
		{8FDEDE40-DE4C-4C0A-9810-78418E916575}.Debug|Any CPU.ActiveCfg = Debug|Any CPU
		{8FDEDE40-DE4C-4C0A-9810-78418E916575}.Debug|Any CPU.Build.0 = Debug|Any CPU
		{8FDEDE40-DE4C-4C0A-9810-78418E916575}.Debug|x86.ActiveCfg = Debug|Any CPU
		{8FDEDE40-DE4C-4C0A-9810-78418E916575}.Debug|x86.Build.0 = Debug|Any CPU
		{8FDEDE40-DE4C-4C0A-9810-78418E916575}.Release|Any CPU.ActiveCfg = Release|Any CPU
		{8FDEDE40-DE4C-4C0A-9810-78418E916575}.Release|Any CPU.Build.0 = Release|Any CPU
		{8FDEDE40-DE4C-4C0A-9810-78418E916575}.Release|x86.ActiveCfg = Release|Any CPU
		{8FDEDE40-DE4C-4C0A-9810-78418E916575}.Release|x86.Build.0 = Release|Any CPU
	EndGlobalSection
	GlobalSection(SolutionProperties) = preSolution
		HideSolutionNode = FALSE
	EndGlobalSection
	GlobalSection(ExtensibilityGlobals) = postSolution
		SolutionGuid = {E0CF4E2F-2461-4D17-9575-7CF4EC095CBA}
	EndGlobalSection
EndGlobal
